
Microsoft Visual Studio Solution File, Format Version 12.00
# Visual Studio Version 17
VisualStudioVersion = 17.0.32014.148
MinimumVisualStudioVersion = 10.0.40219.1
Project("{FAE04EC0-301F-11D3-BF4B-00C04F79EFBC}") = "HomeWork2", "TMS\HomeWork2.csproj", "{7C66BB49-93E7-4F26-B3AE-9EF2AA8611FA}"
EndProject
Global
	GlobalSection(SolutionConfigurationPlatforms) = preSolution
		Debug|Any CPU = Debug|Any CPU
		Release|Any CPU = Release|Any CPU
	EndGlobalSection
	GlobalSection(ProjectConfigurationPlatforms) = postSolution
		{7C66BB49-93E7-4F26-B3AE-9EF2AA8611FA}.Debug|Any CPU.ActiveCfg = Debug|Any CPU
		{7C66BB49-93E7-4F26-B3AE-9EF2AA8611FA}.Debug|Any CPU.Build.0 = Debug|Any CPU
		{7C66BB49-93E7-4F26-B3AE-9EF2AA8611FA}.Release|Any CPU.ActiveCfg = Release|Any CPU
		{7C66BB49-93E7-4F26-B3AE-9EF2AA8611FA}.Release|Any CPU.Build.0 = Release|Any CPU
	EndGlobalSection
	GlobalSection(SolutionProperties) = preSolution
		HideSolutionNode = FALSE
	EndGlobalSection
	GlobalSection(ExtensibilityGlobals) = postSolution
		SolutionGuid = {F361D27C-6189-422E-896A-1C3F202698CB}
	EndGlobalSection
EndGlobal
